
Microsoft Visual Studio Solution File, Format Version 12.00
# Visual Studio Version 17
VisualStudioVersion = 17.7.34221.43
MinimumVisualStudioVersion = 10.0.40219.1
Project("{9A19103F-16F7-4668-BE54-9A1E7A4F7556}") = "Security", "Security\Security.csproj", "{98693A4B-67F0-4581-B7A9-5D38B0C33752}"
EndProject
Project("{9A19103F-16F7-4668-BE54-9A1E7A4F7556}") = "API.DAL", "ExpenseTrackingSystem.Data\API.DAL.csproj", "{30901E05-E3BE-4BB4-BC79-CAA0B93F1469}"
EndProject
Global
	GlobalSection(SolutionConfigurationPlatforms) = preSolution
		Debug|Any CPU = Debug|Any CPU
		Release|Any CPU = Release|Any CPU
	EndGlobalSection
	GlobalSection(ProjectConfigurationPlatforms) = postSolution
		{98693A4B-67F0-4581-B7A9-5D38B0C33752}.Debug|Any CPU.ActiveCfg = Debug|Any CPU
		{98693A4B-67F0-4581-B7A9-5D38B0C33752}.Debug|Any CPU.Build.0 = Debug|Any CPU
		{98693A4B-67F0-4581-B7A9-5D38B0C33752}.Release|Any CPU.ActiveCfg = Release|Any CPU
		{98693A4B-67F0-4581-B7A9-5D38B0C33752}.Release|Any CPU.Build.0 = Release|Any CPU
		{30901E05-E3BE-4BB4-BC79-CAA0B93F1469}.Debug|Any CPU.ActiveCfg = Debug|Any CPU
		{30901E05-E3BE-4BB4-BC79-CAA0B93F1469}.Debug|Any CPU.Build.0 = Debug|Any CPU
		{30901E05-E3BE-4BB4-BC79-CAA0B93F1469}.Release|Any CPU.ActiveCfg = Release|Any CPU
		{30901E05-E3BE-4BB4-BC79-CAA0B93F1469}.Release|Any CPU.Build.0 = Release|Any CPU
	EndGlobalSection
	GlobalSection(SolutionProperties) = preSolution
		HideSolutionNode = FALSE
	EndGlobalSection
	GlobalSection(ExtensibilityGlobals) = postSolution
		SolutionGuid = {6587C092-BDBB-4A90-8857-EA377B0E84BC}
	EndGlobalSection
EndGlobal
